
Microsoft Visual Studio Solution File, Format Version 12.00
# Visual Studio Version 17
VisualStudioVersion = 17.3.32825.248
MinimumVisualStudioVersion = 10.0.40219.1
Project("{FAE04EC0-301F-11D3-BF4B-00C04F79EFBC}") = "Babichevskyi_002", "Babichevskyi_002\Babichevskyi_002.csproj", "{50AF48FE-B9F8-48E6-8687-AFED0258BE08}"
EndProject
Global
	GlobalSection(SolutionConfigurationPlatforms) = preSolution
		Debug|Any CPU = Debug|Any CPU
		Release|Any CPU = Release|Any CPU
	EndGlobalSection
	GlobalSection(ProjectConfigurationPlatforms) = postSolution
		{50AF48FE-B9F8-48E6-8687-AFED0258BE08}.Debug|Any CPU.ActiveCfg = Debug|Any CPU
		{50AF48FE-B9F8-48E6-8687-AFED0258BE08}.Debug|Any CPU.Build.0 = Debug|Any CPU
		{50AF48FE-B9F8-48E6-8687-AFED0258BE08}.Release|Any CPU.ActiveCfg = Release|Any CPU
		{50AF48FE-B9F8-48E6-8687-AFED0258BE08}.Release|Any CPU.Build.0 = Release|Any CPU
	EndGlobalSection
	GlobalSection(SolutionProperties) = preSolution
		HideSolutionNode = FALSE
	EndGlobalSection
	GlobalSection(ExtensibilityGlobals) = postSolution
		SolutionGuid = {6F92CEED-9DBA-4766-956A-C44378AE1A16}
	EndGlobalSection
EndGlobal
